
Microsoft Visual Studio Solution File, Format Version 12.00
# Visual Studio Version 17
VisualStudioVersion = 17.2.32526.322
MinimumVisualStudioVersion = 10.0.40219.1
Project("{FAE04EC0-301F-11D3-BF4B-00C04F79EFBC}") = "CleanArch.WebApi", "CleanArch.WebApi\CleanArch.WebApi.csproj", "{086E4F9F-383A-4D0D-B7CE-9F48A7A10777}"
EndProject
Project("{FAE04EC0-301F-11D3-BF4B-00C04F79EFBC}") = "CleanArch.Application", "CleanArch.Application\CleanArch.Application.csproj", "{CC7A558D-2737-43F6-9000-EAD0410AA220}"
EndProject
Project("{FAE04EC0-301F-11D3-BF4B-00C04F79EFBC}") = "CleanArch.Domain", "CleanArch.Domain\CleanArch.Domain.csproj", "{CE91A162-2EDD-4741-AE4B-DCF6AA28D74D}"
EndProject
Project("{FAE04EC0-301F-11D3-BF4B-00C04F79EFBC}") = "CleanArch.Infra.Data", "CleanArch.Infra.Data\CleanArch.Infra.Data.csproj", "{3B63FD29-E150-419A-B389-AF02D1747DCC}"
EndProject
Project("{FAE04EC0-301F-11D3-BF4B-00C04F79EFBC}") = "CleanArch.Infra.IoC", "CleanArch.Infra.IoC\CleanArch.Infra.IoC.csproj", "{2332B89F-ADB1-4481-BA53-04CF7C63D7AB}"
EndProject
Global
	GlobalSection(SolutionConfigurationPlatforms) = preSolution
		Debug|Any CPU = Debug|Any CPU
		Release|Any CPU = Release|Any CPU
	EndGlobalSection
	GlobalSection(ProjectConfigurationPlatforms) = postSolution
		{086E4F9F-383A-4D0D-B7CE-9F48A7A10777}.Debug|Any CPU.ActiveCfg = Debug|Any CPU
		{086E4F9F-383A-4D0D-B7CE-9F48A7A10777}.Debug|Any CPU.Build.0 = Debug|Any CPU
		{086E4F9F-383A-4D0D-B7CE-9F48A7A10777}.Release|Any CPU.ActiveCfg = Release|Any CPU
		{086E4F9F-383A-4D0D-B7CE-9F48A7A10777}.Release|Any CPU.Build.0 = Release|Any CPU
		{CC7A558D-2737-43F6-9000-EAD0410AA220}.Debug|Any CPU.ActiveCfg = Debug|Any CPU
		{CC7A558D-2737-43F6-9000-EAD0410AA220}.Debug|Any CPU.Build.0 = Debug|Any CPU
		{CC7A558D-2737-43F6-9000-EAD0410AA220}.Release|Any CPU.ActiveCfg = Release|Any CPU
		{CC7A558D-2737-43F6-9000-EAD0410AA220}.Release|Any CPU.Build.0 = Release|Any CPU
		{CE91A162-2EDD-4741-AE4B-DCF6AA28D74D}.Debug|Any CPU.ActiveCfg = Debug|Any CPU
		{CE91A162-2EDD-4741-AE4B-DCF6AA28D74D}.Debug|Any CPU.Build.0 = Debug|Any CPU
		{CE91A162-2EDD-4741-AE4B-DCF6AA28D74D}.Release|Any CPU.ActiveCfg = Release|Any CPU
		{CE91A162-2EDD-4741-AE4B-DCF6AA28D74D}.Release|Any CPU.Build.0 = Release|Any CPU
		{3B63FD29-E150-419A-B389-AF02D1747DCC}.Debug|Any CPU.ActiveCfg = Debug|Any CPU
		{3B63FD29-E150-419A-B389-AF02D1747DCC}.Debug|Any CPU.Build.0 = Debug|Any CPU
		{3B63FD29-E150-419A-B389-AF02D1747DCC}.Release|Any CPU.ActiveCfg = Release|Any CPU
		{3B63FD29-E150-419A-B389-AF02D1747DCC}.Release|Any CPU.Build.0 = Release|Any CPU
		{2332B89F-ADB1-4481-BA53-04CF7C63D7AB}.Debug|Any CPU.ActiveCfg = Debug|Any CPU
		{2332B89F-ADB1-4481-BA53-04CF7C63D7AB}.Debug|Any CPU.Build.0 = Debug|Any CPU
		{2332B89F-ADB1-4481-BA53-04CF7C63D7AB}.Release|Any CPU.ActiveCfg = Release|Any CPU
		{2332B89F-ADB1-4481-BA53-04CF7C63D7AB}.Release|Any CPU.Build.0 = Release|Any CPU
	EndGlobalSection
	GlobalSection(SolutionProperties) = preSolution
		HideSolutionNode = FALSE
	EndGlobalSection
	GlobalSection(ExtensibilityGlobals) = postSolution
		SolutionGuid = {3CC8DA62-D715-4094-A97B-A285588CD0CA}
	EndGlobalSection
EndGlobal
